
Microsoft Visual Studio Solution File, Format Version 12.00
# Visual Studio Version 16
VisualStudioVersion = 16.0.31515.178
MinimumVisualStudioVersion = 10.0.40219.1
Project("{FAE04EC0-301F-11D3-BF4B-00C04F79EFBC}") = "TextEditorWPF", "TextEditorWPF\TextEditorWPF.csproj", "{45B6688E-960D-47B8-BBC9-C6C6B5E8D0B9}"
EndProject
Global
	GlobalSection(SolutionConfigurationPlatforms) = preSolution
		Debug|Any CPU = Debug|Any CPU
		Release|Any CPU = Release|Any CPU
	EndGlobalSection
	GlobalSection(ProjectConfigurationPlatforms) = postSolution
		{45B6688E-960D-47B8-BBC9-C6C6B5E8D0B9}.Debug|Any CPU.ActiveCfg = Debug|Any CPU
		{45B6688E-960D-47B8-BBC9-C6C6B5E8D0B9}.Debug|Any CPU.Build.0 = Debug|Any CPU
		{45B6688E-960D-47B8-BBC9-C6C6B5E8D0B9}.Release|Any CPU.ActiveCfg = Release|Any CPU
		{45B6688E-960D-47B8-BBC9-C6C6B5E8D0B9}.Release|Any CPU.Build.0 = Release|Any CPU
	EndGlobalSection
	GlobalSection(SolutionProperties) = preSolution
		HideSolutionNode = FALSE
	EndGlobalSection
	GlobalSection(ExtensibilityGlobals) = postSolution
		SolutionGuid = {2610E9EF-5A33-42F9-B828-F83144581FC0}
	EndGlobalSection
EndGlobal
